PODS:
  - VMGradientProgressBar (0.1.0)

DEPENDENCIES:
  - VMGradientProgressBar (from `../`)

EXTERNAL SOURCES:
  VMGradientProgressBar:
    :path: "../"

SPEC CHECKSUMS:
  VMGradientProgressBar: 4fdb829c9443cc4216f9753c91c8773de2d06e88

PODFILE CHECKSUM: 6fbc216bf57ed010eae859bd63c16efb3128c7cb

COCOAPODS: 1.8.3
